// !$*UTF8*$!
{
	archiveVersion = 1;
	classes = {
	};
	objectVersion = 50;
	objects = {

/* Begin PBXBuildFile section */
		054FF91726F1DE310007FF69 /* AppDelegate.swift in Sources */ = {isa = PBXBuildFile; fileRef = 054FF91626F1DE310007FF69 /* AppDelegate.swift */; };
		054FF91926F1DE310007FF69 /* SceneDelegate.swift in Sources */ = {isa = PBXBuildFile; fileRef = 054FF91826F1DE310007FF69 /* SceneDelegate.swift */; };
		054FF91B26F1DE310007FF69 /* ViewController.swift in Sources */ = {isa = PBXBuildFile; fileRef = 054FF91A26F1DE310007FF69 /* ViewController.swift */; };
		054FF91E26F1DE310007FF69 /* Main.storyboard in Resources */ = {isa = PBXBuildFile; fileRef = 054FF91C26F1DE310007FF69 /* Main.storyboard */; };
		054FF92026F1DE320007FF69 /* Assets.xcassets in Resources */ = {isa = PBXBuildFile; fileRef = 054FF91F26F1DE320007FF69 /* Assets.xcassets */; };
		054FF92326F1DE320007FF69 /* LaunchScreen.storyboard in Resources */ = {isa = PBXBuildFile; fileRef = 054FF92126F1DE320007FF69 /* LaunchScreen.storyboard */; };
		054FF92E26F1DE320007FF69 /* WorldTrotterTests.swift in Sources */ = {isa = PBXBuildFile; fileRef = 054FF92D26F1DE320007FF69 /* WorldTrotterTests.swift */; };
		054FF93926F1DE330007FF69 /* WorldTrotterUITests.swift in Sources */ = {isa = PBXBuildFile; fileRef = 054FF93826F1DE330007FF69 /* WorldTrotterUITests.swift */; };
/* End PBXBuildFile section */

/* Begin PBXContainerItemProxy section */
		054FF92A26F1DE320007FF69 /* PBXContainerItemProxy */ = {
			isa = PBXContainerItemProxy;
			containerPortal = 054FF90B26F1DE310007FF69 /* Project object */;
			proxyType = 1;
			remoteGlobalIDString = 054FF91226F1DE310007FF69;
			remoteInfo = WorldTrotter;
		};
		054FF93526F1DE330007FF69 /* PBXContainerItemProxy */ = {
			isa = PBXContainerItemProxy;
			containerPortal = 054FF90B26F1DE310007FF69 /* Project object */;
			proxyType = 1;
			remoteGlobalIDString = 054FF91226F1DE310007FF69;
			remoteInfo = WorldTrotter;
		};
/* End PBXContainerItemProxy section */

/* Begin PBXFileReference section */
		054FF91326F1DE310007FF69 /* WorldTrotter.app */ = {isa = PBXFileReference; explicitFileType = wrapper.application; includeInIndex = 0; path = WorldTrotter.app; sourceTree = BUILT_PRODUCTS_DIR; };
		054FF91626F1DE310007FF69 /* AppDelegate.swift */ = {isa = PBXFileReference; lastKnownFileType = sourcecode.swift; path = AppDelegate.swift; sourceTree = "<group>"; };
		054FF91826F1DE310007FF69 /* SceneDelegate.swift */ = {isa = PBXFileReference; lastKnownFileType = sourcecode.swift; path = SceneDelegate.swift; sourceTree = "<group>"; };
		054FF91A26F1DE310007FF69 /* ViewController.swift */ = {isa = PBXFileReference; lastKnownFileType = sourcecode.swift; path = ViewController.swift; sourceTree = "<group>"; };
		054FF91D26F1DE310007FF69 /* Base */ = {isa = PBXFileReference; lastKnownFileType = file.storyboard; name = Base; path = Base.lproj/Main.storyboard; sourceTree = "<group>"; };
		054FF91F26F1DE320007FF69 /* Assets.xcassets */ = {isa = PBXFileReference; lastKnownFileType = folder.assetcatalog; path = Assets.xcassets; sourceTree = "<group>"; };
		054FF92226F1DE320007FF69 /* Base */ = {isa = PBXFileReference; lastKnownFileType = file.storyboard; name = Base; path = Base.lproj/LaunchScreen.storyboard; sourceTree = "<group>"; };
		054FF92426F1DE320007FF69 /* Info.plist */ = {isa = PBXFileReference; lastKnownFileType = text.plist.xml; path = Info.plist; sourceTree = "<group>"; };
		054FF92926F1DE320007FF69 /* WorldTrotterTests.xctest */ = {isa = PBXFileReference; explicitFileType = wrapper.cfbundle; includeInIndex = 0; path = WorldTrotterTests.xctest; sourceTree = BUILT_PRODUCTS_DIR; };
		054FF92D26F1DE320007FF69 /* WorldTrotterTests.swift */ = {isa = PBXFileReference; lastKnownFileType = sourcecode.swift; path = WorldTrotterTests.swift; sourceTree = "<group>"; };
		054FF92F26F1DE320007FF69 /* Info.plist */ = {isa = PBXFileReference; lastKnownFileType = text.plist.xml; path = Info.plist; sourceTree = "<group>"; };
		054FF93426F1DE330007FF69 /* WorldTrotterUITests.xctest */ = {isa = PBXFileReference; explicitFileType = wrapper.cfbundle; includeInIndex = 0; path = WorldTrotterUITests.xctest; sourceTree = BUILT_PRODUCTS_DIR; };
		054FF93826F1DE330007FF69 /* WorldTrotterUITests.swift */ = {isa = PBXFileReference; lastKnownFileType = sourcecode.swift; path = WorldTrotterUITests.swift; sourceTree = "<group>"; };
		054FF93A26F1DE330007FF69 /* Info.plist */ = {isa = PBXFileReference; lastKnownFileType = text.plist.xml; path = Info.plist; sourceTree = "<group>"; };
/* End PBXFileReference section */

/* Begin PBXFrameworksBuildPhase section */
		054FF91026F1DE310007FF69 /* Frameworks */ = {
			isa = PBXFrameworksBuildPhase;
			buildActionMask = 2147483647;
			files = (
			);
			runOnlyForDeploymentPostprocessing = 0;
		};
		054FF92626F1DE320007FF69 /* Frameworks */ = {
			isa = PBXFrameworksBuildPhase;
			buildActionMask = 2147483647;
			files = (
			);
			runOnlyForDeploymentPostprocessing = 0;
		};
		054FF93126F1DE330007FF69 /* Frameworks */ = {
			isa = PBXFrameworksBuildPhase;
			buildActionMask = 2147483647;
			files = (
			);
			runOnlyForDeploymentPostprocessing = 0;
		};
/* End PBXFrameworksBuildPhase section */

/* Begin PBXGroup section */
		054FF90A26F1DE310007FF69 = {
			isa = PBXGroup;
			children = (
				054FF91526F1DE310007FF69 /* WorldTrotter */,
				054FF92C26F1DE320007FF69 /* WorldTrotterTests */,
				054FF93726F1DE330007FF69 /* WorldTrotterUITests */,
				054FF91426F1DE310007FF69 /* Products */,
			);
			sourceTree = "<group>";
		};
		054FF91426F1DE310007FF69 /* Products */ = {
			isa = PBXGroup;
			children = (
				054FF91326F1DE310007FF69 /* WorldTrotter.app */,
				054FF92926F1DE320007FF69 /* WorldTrotterTests.xctest */,
				054FF93426F1DE330007FF69 /* WorldTrotterUITests.xctest */,
			);
			name = Products;
			sourceTree = "<group>";
		};
		054FF91526F1DE310007FF69 /* WorldTrotter */ = {
			isa = PBXGroup;
			children = (
				054FF91626F1DE310007FF69 /* AppDelegate.swift */,
				054FF91826F1DE310007FF69 /* SceneDelegate.swift */,
				054FF91A26F1DE310007FF69 /* ViewController.swift */,
				054FF91C26F1DE310007FF69 /* Main.storyboard */,
				054FF91F26F1DE320007FF69 /* Assets.xcassets */,
				054FF92126F1DE320007FF69 /* LaunchScreen.storyboard */,
				054FF92426F1DE320007FF69 /* Info.plist */,
			);
			path = WorldTrotter;
			sourceTree = "<group>";
		};
		054FF92C26F1DE320007FF69 /* WorldTrotterTests */ = {
			isa = PBXGroup;
			children = (
				054FF92D26F1DE320007FF69 /* WorldTrotterTests.swift */,
				054FF92F26F1DE320007FF69 /* Info.plist */,
			);
			path = WorldTrotterTests;
			sourceTree = "<group>";
		};
		054FF93726F1DE330007FF69 /* WorldTrotterUITests */ = {
			isa = PBXGroup;
			children = (
				054FF93826F1DE330007FF69 /* WorldTrotterUITests.swift */,
				054FF93A26F1DE330007FF69 /* Info.plist */,
			);
			path = WorldTrotterUITests;
			sourceTree = "<group>";
		};
/* End PBXGroup section */

/* Begin PBXNativeTarget section */
		054FF91226F1DE310007FF69 /* WorldTrotter */ = {
			isa = PBXNativeTarget;
			buildConfigurationList = 054FF93D26F1DE330007FF69 /* Build configuration list for PBXNativeTarget "WorldTrotter" */;
			buildPhases = (
				054FF90F26F1DE310007FF69 /* Sources */,
				054FF91026F1DE310007FF69 /* Frameworks */,
				054FF91126F1DE310007FF69 /* Resources */,
			);
			buildRules = (
			);
			dependencies = (
			);
			name = WorldTrotter;
			productName = WorldTrotter;
			productReference = 054FF91326F1DE310007FF69 /* WorldTrotter.app */;
			productType = "com.apple.product-type.application";
		};
		054FF92826F1DE320007FF69 /* WorldTrotterTests */ = {
			isa = PBXNativeTarget;
			buildConfigurationList = 054FF94026F1DE330007FF69 /* Build configuration list for PBXNativeTarget "WorldTrotterTests" */;
			buildPhases = (
				054FF92526F1DE320007FF69 /* Sources */,
				054FF92626F1DE320007FF69 /* Frameworks */,
				054FF92726F1DE320007FF69 /* Resources */,
			);
			buildRules = (
			);
			dependencies = (
				054FF92B26F1DE320007FF69 /* PBXTargetDependency */,
			);
			name = WorldTrotterTests;
			productName = WorldTrotterTests;
			productReference = 054FF92926F1DE320007FF69 /* WorldTrotterTests.xctest */;
			productType = "com.apple.product-type.bundle.unit-test";
		};
		054FF93326F1DE330007FF69 /* WorldTrotterUITests */ = {
			isa = PBXNativeTarget;
			buildConfigurationList = 054FF94326F1DE330007FF69 /* Build configuration list for PBXNativeTarget "WorldTrotterUITests" */;
			buildPhases = (
				054FF93026F1DE330007FF69 /* Sources */,
				054FF93126F1DE330007FF69 /* Frameworks */,
				054FF93226F1DE330007FF69 /* Resources */,
			);
			buildRules = (
			);
			dependencies = (
				054FF93626F1DE330007FF69 /* PBXTargetDependency */,
			);
			name = WorldTrotterUITests;
			productName = WorldTrotterUITests;
			productReference = 054FF93426F1DE330007FF69 /* WorldTrotterUITests.xctest */;
			productType = "com.apple.product-type.bundle.ui-testing";
		};
/* End PBXNativeTarget section */

/* Begin PBXProject section */
		054FF90B26F1DE310007FF69 /* Project object */ = {
			isa = PBXProject;
			attributes = {
				LastSwiftUpdateCheck = 1250;
				LastUpgradeCheck = 1250;
				TargetAttributes = {
					054FF91226F1DE310007FF69 = {
						CreatedOnToolsVersion = 12.5.1;
					};
					054FF92826F1DE320007FF69 = {
						CreatedOnToolsVersion = 12.5.1;
						TestTargetID = 054FF91226F1DE310007FF69;
					};
					054FF93326F1DE330007FF69 = {
						CreatedOnToolsVersion = 12.5.1;
						TestTargetID = 054FF91226F1DE310007FF69;
					};
				};
			};
			buildConfigurationList = 054FF90E26F1DE310007FF69 /* Build configuration list for PBXProject "WorldTrotter" */;
			compatibilityVersion = "Xcode 9.3";
			developmentRegion = en;
			hasScannedForEncodings = 0;
			knownRegions = (
				en,
				Base,
			);
			mainGroup = 054FF90A26F1DE310007FF69;
			productRefGroup = 054FF91426F1DE310007FF69 /* Products */;
			projectDirPath = "";
			projectRoot = "";
			targets = (
				054FF91226F1DE310007FF69 /* WorldTrotter */,
				054FF92826F1DE320007FF69 /* WorldTrotterTests */,
				054FF93326F1DE330007FF69 /* WorldTrotterUITests */,
			);
		};
/* End PBXProject section */

/* Begin PBXResourcesBuildPhase section */
		054FF91126F1DE310007FF69 /* Resources */ = {
			isa = PBXResourcesBuildPhase;
			buildActionMask = 2147483647;
			files = (
				054FF92326F1DE320007FF69 /* LaunchScreen.storyboard in Resources */,
				054FF92026F1DE320007FF69 /* Assets.xcassets in Resources */,
				054FF91E26F1DE310007FF69 /* Main.storyboard in Resources */,
			);
			runOnlyForDeploymentPostprocessing = 0;
		};
		054FF92726F1DE320007FF69 /* Resources */ = {
			isa = PBXResourcesBuildPhase;
			buildActionMask = 2147483647;
			files = (
			);
			runOnlyForDeploymentPostprocessing = 0;
		};
		054FF93226F1DE330007FF69 /* Resources */ = {
			isa = PBXResourcesBuildPhase;
			buildActionMask = 2147483647;
			files = (
			);
			runOnlyForDeploymentPostprocessing = 0;
		};
/* End PBXResourcesBuildPhase section */

/* Begin PBXSourcesBuildPhase section */
		054FF90F26F1DE310007FF69 /* Sources */ = {
			isa = PBXSourcesBuildPhase;
			buildActionMask = 2147483647;
			files = (
				054FF91B26F1DE310007FF69 /* ViewController.swift in Sources */,
				054FF91726F1DE310007FF69 /* AppDelegate.swift in Sources */,
				054FF91926F1DE310007FF69 /* SceneDelegate.swift in Sources */,
			);
			runOnlyForDeploymentPostprocessing = 0;
		};
		054FF92526F1DE320007FF69 /* Sources */ = {
			isa = PBXSourcesBuildPhase;
			buildActionMask = 2147483647;
			files = (
				054FF92E26F1DE320007FF69 /* WorldTrotterTests.swift in Sources */,
			);
			runOnlyForDeploymentPostprocessing = 0;
		};
		054FF93026F1DE330007FF69 /* Sources */ = {
			isa = PBXSourcesBuildPhase;
			buildActionMask = 2147483647;
			files = (
				054FF93926F1DE330007FF69 /* WorldTrotterUITests.swift in Sources */,
			);
			runOnlyForDeploymentPostprocessing = 0;
		};
/* End PBXSourcesBuildPhase section */

/* Begin PBXTargetDependency section */
		054FF92B26F1DE320007FF69 /* PBXTargetDependency */ = {
			isa = PBXTargetDependency;
			target = 054FF91226F1DE310007FF69 /* WorldTrotter */;
			targetProxy = 054FF92A26F1DE320007FF69 /* PBXContainerItemProxy */;
		};
		054FF93626F1DE330007FF69 /* PBXTargetDependency */ = {
			isa = PBXTargetDependency;
			target = 054FF91226F1DE310007FF69 /* WorldTrotter */;
			targetProxy = 054FF93526F1DE330007FF69 /* PBXContainerItemProxy */;
		};
/* End PBXTargetDependency section */

/* Begin PBXVariantGroup section */
		054FF91C26F1DE310007FF69 /* Main.storyboard */ = {
			isa = PBXVariantGroup;
			children = (
				054FF91D26F1DE310007FF69 /* Base */,
			);
			name = Main.storyboard;
			sourceTree = "<group>";
		};
		054FF92126F1DE320007FF69 /* LaunchScreen.storyboard */ = {
			isa = PBXVariantGroup;
			children = (
				054FF92226F1DE320007FF69 /* Base */,
			);
			name = LaunchScreen.storyboard;
			sourceTree = "<group>";
		};
/* End PBXVariantGroup section */

/* Begin XCBuildConfiguration section */
		054FF93B26F1DE330007FF69 /* Debug */ = {
			isa = XCBuildConfiguration;
			buildSettings = {
				ALWAYS_SEARCH_USER_PATHS = NO;
				CLANG_ANALYZER_NONNULL = YES;
				CLANG_ANALYZER_NUMBER_OBJECT_CONVERSION = YES_AGGRESSIVE;
				CLANG_CXX_LANGUAGE_STANDARD = "gnu++14";
				CLANG_CXX_LIBRARY = "libc++";
				CLANG_ENABLE_MODULES = YES;
				CLANG_ENABLE_OBJC_ARC = YES;
				CLANG_ENABLE_OBJC_WEAK = YES;
				CLANG_WARN_BLOCK_CAPTURE_AUTORELEASING = YES;
				CLANG_WARN_BOOL_CONVERSION = YES;
				CLANG_WARN_COMMA = YES;
				CLANG_WARN_CONSTANT_CONVERSION = YES;
				CLANG_WARN_DEPRECATED_OBJC_IMPLEMENTATIONS = YES;
				CLANG_WARN_DIRECT_OBJC_ISA_USAGE = YES_ERROR;
				CLANG_WARN_DOCUMENTATION_COMMENTS = YES;
				CLANG_WARN_EMPTY_BODY = YES;
				CLANG_WARN_ENUM_CONVERSION = YES;
				CLANG_WARN_INFINITE_RECURSION = YES;
				CLANG_WARN_INT_CONVERSION = YES;
				CLANG_WARN_NON_LITERAL_NULL_CONVERSION = YES;
				CLANG_WARN_OBJC_IMPLICIT_RETAIN_SELF = YES;
				CLANG_WARN_OBJC_LITERAL_CONVERSION = YES;
				CLANG_WARN_OBJC_ROOT_CLASS = YES_ERROR;
				CLANG_WARN_QUOTED_INCLUDE_IN_FRAMEWORK_HEADER = YES;
				CLANG_WARN_RANGE_LOOP_ANALYSIS = YES;
				CLANG_WARN_STRICT_PROTOTYPES = YES;
				CLANG_WARN_SUSPICIOUS_MOVE = YES;
				CLANG_WARN_UNGUARDED_AVAILABILITY = YES_AGGRESSIVE;
				CLANG_WARN_UNREACHABLE_CODE = YES;
				CLANG_WARN__DUPLICATE_METHOD_MATCH = YES;
				COPY_PHASE_STRIP = NO;
				DEBUG_INFORMATION_FORMAT = dwarf;
				ENABLE_STRICT_OBJC_MSGSEND = YES;
				ENABLE_TESTABILITY = YES;
				GCC_C_LANGUAGE_STANDARD = gnu11;
				GCC_DYNAMIC_NO_PIC = NO;
				GCC_NO_COMMON_BLOCKS = YES;
				GCC_OPTIMIZATION_LEVEL = 0;
				GCC_PREPROCESSOR_DEFINITIONS = (
					"DEBUG=1",
					"$(inherited)",
				);
				GCC_WARN_64_TO_32_BIT_CONVERSION = YES;
				GCC_WARN_ABOUT_RETURN_TYPE = YES_ERROR;
				GCC_WARN_UNDECLARED_SELECTOR = YES;
				GCC_WARN_UNINITIALIZED_AUTOS = YES_AGGRESSIVE;
				GCC_WARN_UNUSED_FUNCTION = YES;
				GCC_WARN_UNUSED_VARIABLE = YES;
				IPHONEOS_DEPLOYMENT_TARGET = 14.5;
				MTL_ENABLE_DEBUG_INFO = INCLUDE_SOURCE;
				MTL_FAST_MATH = YES;
				ONLY_ACTIVE_ARCH = YES;
				SDKROOT = iphoneos;
				SWIFT_ACTIVE_COMPILATION_CONDITIONS = DEBUG;
				SWIFT_OPTIMIZATION_LEVEL = "-Onone";
			};
			name = Debug;
		};
		054FF93C26F1DE330007FF69 /* Release */ = {
			isa = XCBuildConfiguration;
			buildSettings = {
				ALWAYS_SEARCH_USER_PATHS = NO;
				CLANG_ANALYZER_NONNULL = YES;
				CLANG_ANALYZER_NUMBER_OBJECT_CONVERSION = YES_AGGRESSIVE;
				CLANG_CXX_LANGUAGE_STANDARD = "gnu++14";
				CLANG_CXX_LIBRARY = "libc++";
				CLANG_ENABLE_MODULES = YES;
				CLANG_ENABLE_OBJC_ARC = YES;
				CLANG_ENABLE_OBJC_WEAK = YES;
				CLANG_WARN_BLOCK_CAPTURE_AUTORELEASING = YES;
				CLANG_WARN_BOOL_CONVERSION = YES;
				CLANG_WARN_COMMA = YES;
				CLANG_WARN_CONSTANT_CONVERSION = YES;
				CLANG_WARN_DEPRECATED_OBJC_IMPLEMENTATIONS = YES;
				CLANG_WARN_DIRECT_OBJC_ISA_USAGE = YES_ERROR;
				CLANG_WARN_DOCUMENTATION_COMMENTS = YES;
				CLANG_WARN_EMPTY_BODY = YES;
				CLANG_WARN_ENUM_CONVERSION = YES;
				CLANG_WARN_INFINITE_RECURSION = YES;
				CLANG_WARN_INT_CONVERSION = YES;
				CLANG_WARN_NON_LITERAL_NULL_CONVERSION = YES;
				CLANG_WARN_OBJC_IMPLICIT_RETAIN_SELF = YES;
				CLANG_WARN_OBJC_LITERAL_CONVERSION = YES;
				CLANG_WARN_OBJC_ROOT_CLASS = YES_ERROR;
				CLANG_WARN_QUOTED_INCLUDE_IN_FRAMEWORK_HEADER = YES;
				CLANG_WARN_RANGE_LOOP_ANALYSIS = YES;
				CLANG_WARN_STRICT_PROTOTYPES = YES;
				CLANG_WARN_SUSPICIOUS_MOVE = YES;
				CLANG_WARN_UNGUARDED_AVAILABILITY = YES_AGGRESSIVE;
				CLANG_WARN_UNREACHABLE_CODE = YES;
				CLANG_WARN__DUPLICATE_METHOD_MATCH = YES;
				COPY_PHASE_STRIP = NO;
				DEBUG_INFORMATION_FORMAT = "dwarf-with-dsym";
				ENABLE_NS_ASSERTIONS = NO;
				ENABLE_STRICT_OBJC_MSGSEND = YES;
				GCC_C_LANGUAGE_STANDARD = gnu11;
				GCC_NO_COMMON_BLOCKS = YES;
				GCC_WARN_64_TO_32_BIT_CONVERSION = YES;
				GCC_WARN_ABOUT_RETURN_TYPE = YES_ERROR;
				GCC_WARN_UNDECLARED_SELECTOR = YES;
				GCC_WARN_UNINITIALIZED_AUTOS = YES_AGGRESSIVE;
				GCC_WARN_UNUSED_FUNCTION = YES;
				GCC_WARN_UNUSED_VARIABLE = YES;
				IPHONEOS_DEPLOYMENT_TARGET = 14.5;
				MTL_ENABLE_DEBUG_INFO = NO;
				MTL_FAST_MATH = YES;
				SDKROOT = iphoneos;
				SWIFT_COMPILATION_MODE = wholemodule;
				SWIFT_OPTIMIZATION_LEVEL = "-O";
				VALIDATE_PRODUCT = YES;
			};
			name = Release;
		};
		054FF93E26F1DE330007FF69 /* Debug */ = {
			isa = XCBuildConfiguration;
			buildSettings = {
				ASSETCATALOG_COMPILER_APPICON_NAME = AppIcon;
				ASSETCATALOG_COMPILER_GLOBAL_ACCENT_COLOR_NAME = AccentColor;
				CODE_SIGN_STYLE = Automatic;
				INFOPLIST_FILE = WorldTrotter/Info.plist;
				LD_RUNPATH_SEARCH_PATHS = (
					"$(inherited)",
					"@executable_path/Frameworks",
				);
				PRODUCT_BUNDLE_IDENTIFIER = "Big-Nerd-Ranch.WorldTrotter";
				PRODUCT_NAME = "$(TARGET_NAME)";
				SWIFT_VERSION = 5.0;
				TARGETED_DEVICE_FAMILY = "1,2";
			};
			name = Debug;
		};
		054FF93F26F1DE330007FF69 /* Release */ = {
			isa = XCBuildConfiguration;
			buildSettings = {
				ASSETCATALOG_COMPILER_APPICON_NAME = AppIcon;
				ASSETCATALOG_COMPILER_GLOBAL_ACCENT_COLOR_NAME = AccentColor;
				CODE_SIGN_STYLE = Automatic;
				INFOPLIST_FILE = WorldTrotter/Info.plist;
				LD_RUNPATH_SEARCH_PATHS = (
					"$(inherited)",
					"@executable_path/Frameworks",
				);
				PRODUCT_BUNDLE_IDENTIFIER = "Big-Nerd-Ranch.WorldTrotter";
				PRODUCT_NAME = "$(TARGET_NAME)";
				SWIFT_VERSION = 5.0;
				TARGETED_DEVICE_FAMILY = "1,2";
			};
			name = Release;
		};
		054FF94126F1DE330007FF69 /* Debug */ = {
			isa = XCBuildConfiguration;
			buildSettings = {
				ALWAYS_EMBED_SWIFT_STANDARD_LIBRARIES = YES;
				BUNDLE_LOADER = "$(TEST_HOST)";
				CODE_SIGN_STYLE = Automatic;
				INFOPLIST_FILE = WorldTrotterTests/Info.plist;
				IPHONEOS_DEPLOYMENT_TARGET = 14.5;
				LD_RUNPATH_SEARCH_PATHS = (
					"$(inherited)",
					"@executable_path/Frameworks",
					"@loader_path/Frameworks",
				);
				PRODUCT_BUNDLE_IDENTIFIER = "Big-Nerd-Ranch.WorldTrotterTests";
				PRODUCT_NAME = "$(TARGET_NAME)";
				SWIFT_VERSION = 5.0;
				TARGETED_DEVICE_FAMILY = "1,2";
				TEST_HOST = "$(BUILT_PRODUCTS_DIR)/WorldTrotter.app/WorldTrotter";
			};
			name = Debug;
		};
		054FF94226F1DE330007FF69 /* Release */ = {
			isa = XCBuildConfiguration;
			buildSettings = {
				ALWAYS_EMBED_SWIFT_STANDARD_LIBRARIES = YES;
				BUNDLE_LOADER = "$(TEST_HOST)";
				CODE_SIGN_STYLE = Automatic;
				INFOPLIST_FILE = WorldTrotterTests/Info.plist;
				IPHONEOS_DEPLOYMENT_TARGET = 14.5;
				LD_RUNPATH_SEARCH_PATHS = (
					"$(inherited)",
					"@executable_path/Frameworks",
					"@loader_path/Frameworks",
				);
				PRODUCT_BUNDLE_IDENTIFIER = "Big-Nerd-Ranch.WorldTrotterTests";
				PRODUCT_NAME = "$(TARGET_NAME)";
				SWIFT_VERSION = 5.0;
				TARGETED_DEVICE_FAMILY = "1,2";
				TEST_HOST = "$(BUILT_PRODUCTS_DIR)/WorldTrotter.app/WorldTrotter";
			};
			name = Release;
		};
		054FF94426F1DE330007FF69 /* Debug */ = {
			isa = XCBuildConfiguration;
			buildSettings = {
				ALWAYS_EMBED_SWIFT_STANDARD_LIBRARIES = YES;
				CODE_SIGN_STYLE = Automatic;
				INFOPLIST_FILE = WorldTrotterUITests/Info.plist;
				LD_RUNPATH_SEARCH_PATHS = (
					"$(inherited)",
					"@executable_path/Frameworks",
					"@loader_path/Frameworks",
				);
				PRODUCT_BUNDLE_IDENTIFIER = "Big-Nerd-Ranch.WorldTrotterUITests";
				PRODUCT_NAME = "$(TARGET_NAME)";
				SWIFT_VERSION = 5.0;
				TARGETED_DEVICE_FAMILY = "1,2";
				TEST_TARGET_NAME = WorldTrotter;
			};
			name = Debug;
		};
		054FF94526F1DE330007FF69 /* Release */ = {
			isa = XCBuildConfiguration;
			buildSettings = {
				ALWAYS_EMBED_SWIFT_STANDARD_LIBRARIES = YES;
				CODE_SIGN_STYLE = Automatic;
				INFOPLIST_FILE = WorldTrotterUITests/Info.plist;
				LD_RUNPATH_SEARCH_PATHS = (
					"$(inherited)",
					"@executable_path/Frameworks",
					"@loader_path/Frameworks",
				);
				PRODUCT_BUNDLE_IDENTIFIER = "Big-Nerd-Ranch.WorldTrotterUITests";
				PRODUCT_NAME = "$(TARGET_NAME)";
				SWIFT_VERSION = 5.0;
				TARGETED_DEVICE_FAMILY = "1,2";
				TEST_TARGET_NAME = WorldTrotter;
			};
			name = Release;
		};
/* End XCBuildConfiguration section */

/* Begin XCConfigurationList section */
		054FF90E26F1DE310007FF69 /* Build configuration list for PBXProject "WorldTrotter" */ = {
			isa = XCConfigurationList;
			buildConfigurations = (
				054FF93B26F1DE330007FF69 /* Debug */,
				054FF93C26F1DE330007FF69 /* Release */,
			);
			defaultConfigurationIsVisible = 0;
			defaultConfigurationName = Release;
		};
		054FF93D26F1DE330007FF69 /* Build configuration list for PBXNativeTarget "WorldTrotter" */ = {
			isa = XCConfigurationList;
			buildConfigurations = (
				054FF93E26F1DE330007FF69 /* Debug */,
				054FF93F26F1DE330007FF69 /* Release */,
			);
			defaultConfigurationIsVisible = 0;
			defaultConfigurationName = Release;
		};
		054FF94026F1DE330007FF69 /* Build configuration list for PBXNativeTarget "WorldTrotterTests" */ = {
			isa = XCConfigurationList;
			buildConfigurations = (
				054FF94126F1DE330007FF69 /* Debug */,
				054FF94226F1DE330007FF69 /* Release */,
			);
			defaultConfigurationIsVisible = 0;
			defaultConfigurationName = Release;
		};
		054FF94326F1DE330007FF69 /* Build configuration list for PBXNativeTarget "WorldTrotterUITests" */ = {
			isa = XCConfigurationList;
			buildConfigurations = (
				054FF94426F1DE330007FF69 /* Debug */,
				054FF94526F1DE330007FF69 /* Release */,
			);
			defaultConfigurationIsVisible = 0;
			defaultConfigurationName = Release;
		};
/* End XCConfigurationList section */
	};
	rootObject = 054FF90B26F1DE310007FF69 /* Project object */;
}
